
Microsoft Visual Studio Solution File, Format Version 12.00
# Visual Studio Version 16
VisualStudioVersion = 16.0.31729.503
MinimumVisualStudioVersion = 10.0.40219.1
Project("{FAE04EC0-301F-11D3-BF4B-00C04F79EFBC}") = "StacksQueues", "StacksQueues\StacksQueues.csproj", "{1EB82008-C324-465E-8433-9D7E20B105D1}"
EndProject
Global
	GlobalSection(SolutionConfigurationPlatforms) = preSolution
		Debug|Any CPU = Debug|Any CPU
		Release|Any CPU = Release|Any CPU
	EndGlobalSection
	GlobalSection(ProjectConfigurationPlatforms) = postSolution
		{1EB82008-C324-465E-8433-9D7E20B105D1}.Debug|Any CPU.ActiveCfg = Debug|Any CPU
		{1EB82008-C324-465E-8433-9D7E20B105D1}.Debug|Any CPU.Build.0 = Debug|Any CPU
		{1EB82008-C324-465E-8433-9D7E20B105D1}.Release|Any CPU.ActiveCfg = Release|Any CPU
		{1EB82008-C324-465E-8433-9D7E20B105D1}.Release|Any CPU.Build.0 = Release|Any CPU
	EndGlobalSection
	GlobalSection(SolutionProperties) = preSolution
		HideSolutionNode = FALSE
	EndGlobalSection
	GlobalSection(ExtensibilityGlobals) = postSolution
		SolutionGuid = {829BF777-5616-41D7-A93A-480DB705B1A5}
	EndGlobalSection
EndGlobal
